{
  "nodes": {
    "base16": {
      "inputs": {
        "fromYaml": "fromYaml"
      },
      "locked": {
        "lastModified": 1755819240,
        "narHash": "sha256-qcMhnL7aGAuFuutH4rq9fvAhCpJWVHLcHVZLtPctPlo=",
        "owner": "SenchoPens",
        "repo": "base16.nix",
        "rev": "75ed5e5e3fce37df22e49125181fa37899c3ccd6",
        "type": "github"
      },
      "original": {
        "owner": "SenchoPens",
        "repo": "base16.nix",
        "type": "github"
      }
    },
    "base16-fish": {
      "flake": false,
      "locked": {
        "lastModified": 1765809053,
        "narHash": "sha256-XCUQLoLfBJ8saWms2HCIj4NEN+xNsWBlU1NrEPcQG4s=",
        "owner": "tomyun",
        "repo": "base16-fish",
        "rev": "86cbea4dca62e08fb7fd83a70e96472f92574782",
        "type": "github"
      },
      "original": {
        "owner": "tomyun",
        "repo": "base16-fish",
        "rev": "86cbea4dca62e08fb7fd83a70e96472f92574782",
        "type": "github"
      }
    },
    "base16-helix": {
      "flake": false,
      "locked": {
        "lastModified": 1776754714,
        "narHash": "sha256-E3OAK27smtATTmX45uoTSRsVD+Y+ZiVVfgM/tjpbtYg=",
        "owner": "tinted-theming",
        "repo": "base16-helix",
        "rev": "4d508123037e7851ad36ebf7d9c48b0e9e1eb581",
        "type": "github"
      },
      "original": {
        "owner": "tinted-theming",
        "repo": "base16-helix",
        "type": "github"
      }
    },
    "base16-vim": {
      "flake": false,
      "locked": {
        "lastModified": 1732806396,
        "narHash": "sha256-e0bpPySdJf0F68Ndanwm+KWHgQiZ0s7liLhvJSWDNsA=",
        "owner": "tinted-theming",
        "repo": "base16-vim",
        "rev": "577fe8125d74ff456cf942c733a85d769afe58b7",
        "type": "github"
      },
      "original": {
        "owner": "tinted-theming",
        "repo": "base16-vim",
        "rev": "577fe8125d74ff456cf942c733a85d769afe58b7",
        "type": "github"
      }
    },
    "dank-qml-common": {
      "flake": false,
      "locked": {
        "lastModified": 1788376015,
        "narHash": "sha256-/tT8rTznLADndTwLBzdgzzgfJH1ZhYQibYo5v/F8U+U=",
        "owner": "AvengeMedia",
        "repo": "dank-qml-common",
        "rev": "26396ce432d6c71c3f5367438f96f4a8d667e160",
        "type": "github"
      },
      "original": {
        "owner": "AvengeMedia",
        "repo": "dank-qml-common",
        "type": "github"
      }
    },
    "dms": {
      "inputs": {
        "dank-qml-common": "dank-qml-common",
        "flake-compat": "flake-compat",
        "nixpkgs": [
          "nixpkgs"
        ]
      },
      "locked": {
        "lastModified": 1788887664,
        "narHash": "sha256-Uvp+jbeSoi95wzxeimwsVIIQ17Cf2yY6Lct05Ng3SN0=",
        "owner": "AvengeMedia",
        "repo": "DankMaterialShell",
        "rev": "aa4b99def48637d86a69620c0a8f3cc6aa0c4092",
        "type": "github"
      },
      "original": {
        "owner": "AvengeMedia",
        "ref": "v1.6.1",
        "repo": "DankMaterialShell",
        "type": "github"
      }
    },
    "dms-plugin-registry": {
      "inputs": {
        "nixpkgs": [
          "nixpkgs"
        ]
      },
      "locked": {
        "lastModified": 1788923697,
        "narHash": "sha256-TvWPE+83fcJguKbKz5BuwU9FluIlV4mSB0q1KP1i5DU=",
        "owner": "AvengeMedia",
        "repo": "dms-plugin-registry",
        "rev": "3bc04a1021297b2290a88092a083ad3d32dc805b",
        "type": "github"
      },
      "original": {
        "owner": "AvengeMedia",
        "repo": "dms-plugin-registry",
        "type": "github"
      }
    },
    "doom-emacs": {
      "flake": false,
      "locked": {
        "lastModified": 1788654597,
        "narHash": "sha256-+b0yNSXBTNroSuwH89Mp5wtJojaGfRgDn9G2ooorurM=",
        "ref": "refs/heads/master",
        "rev": "01d68aaf6bd7db073365385cd82e1ad7e815295c",
        "shallow": true,
        "submodules": true,
        "type": "git",
        "url": "https://github.com/doomemacs/core.git"
      },
      "original": {
        "shallow": true,
        "submodules": true,
        "type": "git",
        "url": "https://github.com/doomemacs/core.git"
      }
    },
    "firefox-gnome-theme": {
      "flake": false,
      "locked": {
        "lastModified": 1783570805,
        "narHash": "sha256-ptl5aRlCv9/uRSv2u8Hq8UFVFeZ6Q/bT049bpqNgc3w=",
        "owner": "rafaelmardojai",
        "repo": "firefox-gnome-theme",
        "rev": "5602ed62d638142c1ab31dccd01dfbfb28841225",
        "type": "github"
      },
      "original": {
        "owner": "rafaelmardojai",
        "repo": "firefox-gnome-theme",
        "type": "github"
      }
    },
    "flake-compat": {
      "flake": false,
      "locked": {
        "lastModified": 1767039857,
        "narHash": "sha256-vNpUSpF5Nuw8xvDLj2KCwwksIbjua2LZCqhV1LNRDns=",
        "owner": "NixOS",
        "repo": "flake-compat",
        "rev": "5edf11c44bc78a0d334f6334cdaf7d60d732daab",
        "type": "github"
      },
      "original": {
        "owner": "NixOS",
        "repo": "flake-compat",
        "type": "github"
      }
    },
    "flake-compat_2": {
      "flake": false,
      "locked": {
        "lastModified": 1767039857,
        "narHash": "sha256-vNpUSpF5Nuw8xvDLj2KCwwksIbjua2LZCqhV1LNRDns=",
        "owner": "NixOS",
        "repo": "flake-compat",
        "rev": "5edf11c44bc78a0d334f6334cdaf7d60d732daab",
        "type": "github"
      },
      "original": {
        "owner": "NixOS",
        "repo": "flake-compat",
        "type": "github"
      }
    },
    "flake-parts": {
      "inputs": {
        "nixpkgs-lib": [
          "stylix",
          "nixpkgs"
        ]
      },
      "locked": {
        "lastModified": 1782949081,
        "narHash": "sha256-vp6Y/Grm98ESt6ceOkWiHWyZRDV3J1RID4w+6NWK9yA=",
        "owner": "hercules-ci",
        "repo": "flake-parts",
        "rev": "17c9d6cdfc60c64f4ee8d306f9bc0b4ccb51481e",
        "type": "github"
      },
      "original": {
        "owner": "hercules-ci",
        "repo": "flake-parts",
        "type": "github"
      }
    },
    "fluxer": {
      "inputs": {
        "nixpkgs": "nixpkgs"
      },
      "locked": {
        "lastModified": 1788896579,
        "narHash": "sha256-SD7lxYwajssQkysXA/LC9mYq8UdkdT2sEYJmIY7lvZI=",
        "owner": "Hy4ri",
        "repo": "fluxer-flake",
        "rev": "1b296a61067c3ce7baf8c370a002aca062ff8c38",
        "type": "github"
      },
      "original": {
        "owner": "Hy4ri",
        "repo": "fluxer-flake",
        "type": "github"
      }
    },
    "fromYaml": {
      "flake": false,
      "locked": {
        "lastModified": 1731966426,
        "narHash": "sha256-lq95WydhbUTWig/JpqiB7oViTcHFP8Lv41IGtayokA8=",
        "owner": "SenchoPens",
        "repo": "fromYaml",
        "rev": "106af9e2f715e2d828df706c386a685698f3223b",
        "type": "github"
      },
      "original": {
        "owner": "SenchoPens",
        "repo": "fromYaml",
        "type": "github"
      }
    },
    "gnome-shell": {
      "flake": false,
      "locked": {
        "host": "gitlab.gnome.org",
        "lastModified": 1776175984,
        "narHash": "sha256-RJFlFW8GiMei6oqUGrMkGEvVqOH8U7Q8abc1yK4VKD8=",
        "owner": "GNOME",
        "repo": "gnome-shell",
        "rev": "e0fdc4c13250e9a9b8ea9594c83925274f4a5dca",
        "type": "gitlab"
      },
      "original": {
        "host": "gitlab.gnome.org",
        "owner": "GNOME",
        "ref": "50.1",
        "repo": "gnome-shell",
        "type": "gitlab"
      }
    },
    "home-manager": {
      "inputs": {
        "nixpkgs": [
          "nixpkgs"
        ]
      },
      "locked": {
        "lastModified": 1788921139,
        "narHash": "sha256-2wRuvf9UDw1SYWtBcxNmxLeAtNU1i/hc1c0AKQHdvlM=",
        "owner": "nix-community",
        "repo": "home-manager",
        "rev": "a2dbe7c2c9333e8234ae8114c7f731784201d108",
        "type": "github"
      },
      "original": {
        "owner": "nix-community",
        "repo": "home-manager",
        "type": "github"
      }
    },
    "maple-mono": {
      "flake": false,
      "locked": {
        "lastModified": 1787197129,
        "narHash": "sha256-iRxgasGb5vQiJL5kAIpScv4HSPeKs/gyDuJ29Ueo/n4=",
        "owner": "subframe7536",
        "repo": "maple-font",
        "rev": "c08fda97fef73d68c1755219852150770f6e6578",
        "type": "github"
      },
      "original": {
        "owner": "subframe7536",
        "repo": "maple-font",
        "type": "github"
      }
    },
    "nixpkgs": {
      "locked": {
        "lastModified": 1780749050,
        "narHash": "sha256-3av0pIjlOWQ6rDbNOmpUSvbNnJkGORQKKjb4LtCZsIY=",
        "owner": "NixOS",
        "repo": "nixpkgs",
        "rev": "a799d3e3886da994fa307f817a6bc705ae538eeb",
        "type": "github"
      },
      "original": {
        "owner": "NixOS",
        "ref": "nixos-unstable",
        "repo": "nixpkgs",
        "type": "github"
      }
    },
    "nixpkgs-libxml2": {
      "locked": {
        "lastModified": 1751274312,
        "narHash": "sha256-/bVBlRpECLVzjV19t5KMdMFWSwKLtb5RyXdjz3LJT+g=",
        "owner": "NixOS",
        "repo": "nixpkgs",
        "rev": "50ab793786d9de88ee30ec4e4c24fb4236fc2674",
        "type": "github"
      },
      "original": {
        "owner": "NixOS",
        "ref": "nixos-24.11",
        "repo": "nixpkgs",
        "type": "github"
      }
    },
    "nixpkgs_2": {
      "locked": {
        "lastModified": 1788881743,
        "narHash": "sha256-2V9GZGvPfrNzxFozhI9dcqV+c3QdA8YZrvAAzqEB+dI=",
        "owner": "NixOS",
        "repo": "nixpkgs",
        "rev": "d6524aaca2ff07876657ae2b323f24be4874944b",
        "type": "github"
      },
      "original": {
        "owner": "NixOS",
        "ref": "nixos-unstable",
        "repo": "nixpkgs",
        "type": "github"
      }
    },
    "nixpkgs_3": {
      "locked": {
        "lastModified": 1787900134,
        "narHash": "sha256-VYXO0XZlgj06dxJZRhrD3WoSsvq/c7+/Akyoa22pefw=",
        "owner": "NixOS",
        "repo": "nixpkgs",
        "rev": "83199d0d373dd3ac2b9a1996b1d0263f76ab7a4c",
        "type": "github"
      },
      "original": {
        "owner": "NixOS",
        "ref": "nixos-unstable",
        "repo": "nixpkgs",
        "type": "github"
      }
    },
    "nixpkgs_4": {
      "locked": {
        "lastModified": 1779560665,
        "narHash": "sha256-tpyBcxPpcQb8ukyNF7DoCwfSY3VPsxHoYwj00Cayv5o=",
        "owner": "nixos",
        "repo": "nixpkgs",
        "rev": "64c08a7ca051951c8eae34e3e3cb1e202fe36786",
        "type": "github"
      },
      "original": {
        "owner": "nixos",
        "ref": "nixos-unstable",
        "repo": "nixpkgs",
        "type": "github"
      }
    },
    "numen": {
      "inputs": {
        "nixpkgs": [
          "vicinae",
          "nixpkgs"
        ]
      },
      "locked": {
        "lastModified": 1788096061,
        "narHash": "sha256-kjnCgTn45XzFmoiHZYFZsToyc+TXHQ43Nk0UkEbhw68=",
        "owner": "vicinaehq",
        "repo": "numen",
        "rev": "0ed1b2bfddd6adfa367acfa46148e2b9c5a5b818",
        "type": "github"
      },
      "original": {
        "owner": "vicinaehq",
        "ref": "v0.6.1",
        "repo": "numen",
        "type": "github"
      }
    },
    "nur": {
      "inputs": {
        "flake-parts": [
          "stylix",
          "flake-parts"
        ],
        "nixpkgs": [
          "stylix",
          "nixpkgs"
        ]
      },
      "locked": {
        "lastModified": 1785549842,
        "narHash": "sha256-DCwBZmGsySF7oKGTRgEv2HvpxVXkHT+38VhTM76k0B4=",
        "owner": "nix-community",
        "repo": "NUR",
        "rev": "a9f987b57594e845e3e5cdd423b9a70846d70308",
        "type": "github"
      },
      "original": {
        "owner": "nix-community",
        "repo": "NUR",
        "type": "github"
      }
    },
    "root": {
      "inputs": {
        "dms": "dms",
        "dms-plugin-registry": "dms-plugin-registry",
        "doom-emacs": "doom-emacs",
        "fluxer": "fluxer",
        "home-manager": "home-manager",
        "maple-mono": "maple-mono",
        "nixpkgs": "nixpkgs_2",
        "sops-nix": "sops-nix",
        "stylix": "stylix",
        "vicinae": "vicinae",
        "vicinae-extensions": "vicinae-extensions"
      }
    },
    "sops-nix": {
      "inputs": {
        "nixpkgs": [
          "nixpkgs"
        ]
      },
      "locked": {
        "lastModified": 1788914643,
        "narHash": "sha256-4GuMPW90JSxXWDPUB9M+1m7fYbe3H0apOd86/zBQ2Kw=",
        "owner": "Mic92",
        "repo": "sops-nix",
        "rev": "13616fff713a9f94055c66f15687ebdc17a335df",
        "type": "github"
      },
      "original": {
        "owner": "Mic92",
        "repo": "sops-nix",
        "type": "github"
      }
    },
    "soulver-cpp": {
      "inputs": {
        "nixpkgs": [
          "vicinae",
          "nixpkgs"
        ],
        "nixpkgs-libxml2": "nixpkgs-libxml2"
      },
      "locked": {
        "lastModified": 1783621734,
        "narHash": "sha256-YBFO+aurlz2y2hTRN1Kl0RjX6JzHn0mYBmt4zb436Yg=",
        "owner": "vicinaehq",
        "repo": "soulver-cpp",
        "rev": "00e926e2bd03118638c88981f6a67bfa107210c2",
        "type": "github"
      },
      "original": {
        "owner": "vicinaehq",
        "repo": "soulver-cpp",
        "type": "github"
      }
    },
    "stylix": {
      "inputs": {
        "base16": "base16",
        "base16-fish": "base16-fish",
        "base16-helix": "base16-helix",
        "base16-vim": "base16-vim",
        "firefox-gnome-theme": "firefox-gnome-theme",
        "flake-parts": "flake-parts",
        "gnome-shell": "gnome-shell",
        "nixpkgs": [
          "nixpkgs"
        ],
        "nur": "nur",
        "systems": "systems",
        "tinted-kitty": "tinted-kitty",
        "tinted-schemes": "tinted-schemes",
        "tinted-tmux": "tinted-tmux",
        "tinted-zed": "tinted-zed"
      },
      "locked": {
        "lastModified": 1787771653,
        "narHash": "sha256-DkkJSBOXWV/mja5Vy8az5g1KpZlsbUwlmH0BsQhowaQ=",
        "owner": "nix-community",
        "repo": "stylix",
        "rev": "5e3809851f486e7fc7e84b40f174c74b60ecc784",
        "type": "github"
      },
      "original": {
        "owner": "nix-community",
        "repo": "stylix",
        "type": "github"
      }
    },
    "systems": {
      "locked": {
        "lastModified": 1774449309,
        "narHash": "sha256-brhZ8DmuGtzkCYHJg4HEd602amKm89Y9ytsFZ5uWD1w=",
        "owner": "nix-systems",
        "repo": "default",
        "rev": "c29398b59d2048c4ab79345812849c9bd15e9150",
        "type": "github"
      },
      "original": {
        "owner": "nix-systems",
        "ref": "future-26.11",
        "repo": "default",
        "type": "github"
      }
    },
    "systems_2": {
      "locked": {
        "lastModified": 1681028828,
        "narHash": "sha256-Vy1rq5AaRuLzOxct8nz4T6wlgyUR7zLU309k9mBC768=",
        "owner": "nix-systems",
        "repo": "default",
        "rev": "da67096a3b9bf56a91d16901293e51ba5b49a27e",
        "type": "github"
      },
      "original": {
        "owner": "nix-systems",
        "repo": "default",
        "type": "github"
      }
    },
    "systems_3": {
      "locked": {
        "lastModified": 1681028828,
        "narHash": "sha256-Vy1rq5AaRuLzOxct8nz4T6wlgyUR7zLU309k9mBC768=",
        "owner": "nix-systems",
        "repo": "default",
        "rev": "da67096a3b9bf56a91d16901293e51ba5b49a27e",
        "type": "github"
      },
      "original": {
        "owner": "nix-systems",
        "repo": "default",
        "type": "github"
      }
    },
    "tinted-kitty": {
      "flake": false,
      "locked": {
        "lastModified": 1735730497,
        "narHash": "sha256-4KtB+FiUzIeK/4aHCKce3V9HwRvYaxX+F1edUrfgzb8=",
        "owner": "tinted-theming",
        "repo": "tinted-kitty",
        "rev": "de6f888497f2c6b2279361bfc790f164bfd0f3fa",
        "type": "github"
      },
      "original": {
        "owner": "tinted-theming",
        "repo": "tinted-kitty",
        "type": "github"
      }
    },
    "tinted-schemes": {
      "flake": false,
      "locked": {
        "lastModified": 1785153830,
        "narHash": "sha256-fNdfCTeCXU3tZG3TMincd+u68qBHQgCr2Ljr/M1mWP0=",
        "owner": "tinted-theming",
        "repo": "schemes",
        "rev": "9bd28ed313560db3c5b605c63bc4e309e78e3fc8",
        "type": "github"
      },
      "original": {
        "owner": "tinted-theming",
        "repo": "schemes",
        "type": "github"
      }
    },
    "tinted-tmux": {
      "flake": false,
      "locked": {
        "lastModified": 1785031658,
        "narHash": "sha256-mZp9O2LjzdMzlqQF3l3fjqsuPBzXy+1qTfBEUGjTlpk=",
        "owner": "tinted-theming",
        "repo": "tinted-tmux",
        "rev": "5d2c67f61ea7af36f16865ab6d541cdba41dc257",
        "type": "github"
      },
      "original": {
        "owner": "tinted-theming",
        "repo": "tinted-tmux",
        "type": "github"
      }
    },
    "tinted-zed": {
      "flake": false,
      "locked": {
        "lastModified": 1785030526,
        "narHash": "sha256-klZf8UviewRkxuu74Bhbq6tqy7oxebQC7UVRWbbtQxU=",
        "owner": "tinted-theming",
        "repo": "base16-zed",
        "rev": "16f5a8adf4a6b1310d0a61ab172de963e8f76a02",
        "type": "github"
      },
      "original": {
        "owner": "tinted-theming",
        "repo": "base16-zed",
        "type": "github"
      }
    },
    "vicinae": {
      "inputs": {
        "nixpkgs": "nixpkgs_3",
        "numen": "numen",
        "soulver-cpp": "soulver-cpp",
        "systems": "systems_2"
      },
      "locked": {
        "lastModified": 1788923872,
        "narHash": "sha256-nzsayPYOhSBNByUfjdVm/g5YiCc8DHNP5pMSIbNXEGc=",
        "owner": "vicinaehq",
        "repo": "vicinae",
        "rev": "8bbad2dccfa0aedc790ed9e8f27947d865544bbf",
        "type": "github"
      },
      "original": {
        "owner": "vicinaehq",
        "repo": "vicinae",
        "type": "github"
      }
    },
    "vicinae-extensions": {
      "inputs": {
        "flake-compat": "flake-compat_2",
        "nixpkgs": "nixpkgs_4",
        "systems": "systems_3",
        "vicinae": "vicinae_2"
      },
      "locked": {
        "lastModified": 1788877077,
        "narHash": "sha256-Os614eK4hYC8l9cECt2zBiQbrdv+9q2AyrliHfiEf5A=",
        "owner": "vicinaehq",
        "repo": "extensions",
        "rev": "ee117bc64f341ed71b4a27e311f343b12a75f43d",
        "type": "github"
      },
      "original": {
        "owner": "vicinaehq",
        "repo": "extensions",
        "type": "github"
      }
    },
    "vicinae_2": {
      "inputs": {
        "nixpkgs": [
          "vicinae-extensions",
          "nixpkgs"
        ],
        "systems": [
          "vicinae-extensions",
          "systems"
        ]
      },
      "locked": {
        "lastModified": 1780277152,
        "narHash": "sha256-P3YrDLnggsMsSoiX/ox3CS6GkZtY37XQVon/QR6Agw8=",
        "owner": "vicinaehq",
        "repo": "vicinae",
        "rev": "67290dff5b2191a6cb6dd78b31d623eeef3acdec",
        "type": "github"
      },
      "original": {
        "owner": "vicinaehq",
        "repo": "vicinae",
        "type": "github"
      }
    }
  },
  "root": "root",
  "version": 7
}
